lockfileVersion: '6.0'

settings:
  autoInstallPeers: true
  excludeLinksFromLockfile: false

devDependencies:
  '@minecraft/server':
    specifier: ^2.5.0
    version: 2.5.0(@minecraft/common@1.2.0)(@minecraft/vanilla-data@1.26.2)

packages:

  /@minecraft/common@1.2.0:
    resolution: {integrity: sha512-JdmEq4P3Z/FtoBzhLijFgMSVFnFRrUoLwY8DHHrgtFo0mfLTOLTB1RErYjLMsA6b7BGVNxkX/pfFRiH7QZ0XwQ==}
    dev: true

  /@minecraft/server@2.5.0(@minecraft/common@1.2.0)(@minecraft/vanilla-data@1.26.2):
    resolution: {integrity: sha512-fh+1lByNo5tav75Xz0StOjBLUnWEQabg4K+RV7B7acGjdO5YkPnpXa2vw1ABuppgLuiBb2+E5letoCAj89bUBQ==}
    peerDependencies:
      '@minecraft/common': ^1.2.0
      '@minecraft/vanilla-data': '>=1.20.70'
    dependencies:
      '@minecraft/common': 1.2.0
      '@minecraft/vanilla-data': 1.26.2
    dev: true

  /@minecraft/vanilla-data@1.26.2:
    resolution: {integrity: sha512-nxACCFgbcE9D5Z5vRnl/AtJljat7yC4vKzZ/t87iHqdersZlDhBzUnfBDH4d1F6Le5vgdSEUIJwUJxKR+Yc3+w==}
    dev: true
